<?xml version="1.0" encoding="UTF-8"?>
<!DOCTYPE plist PUBLIC "-//Apple//DTD PLIST 1.0//EN" "http://www.apple.com/DTDs/PropertyList-1.0.dtd">
<plist version="1.0">
<dict>
	<key>archiveVersion</key>
	<string>1</string>
	<key>classes</key>
	<dict/>
	<key>objectVersion</key>
	<string>46</string>
	<key>objects</key>
	<dict>
		<key>2846EC40C32449DD90153C4F</key>
		<dict>
			<key>buildActionMask</key>
			<string>2147483647</string>
			<key>files</key>
			<array/>
			<key>inputPaths</key>
			<array/>
			<key>isa</key>
			<string>PBXShellScriptBuildPhase</string>
			<key>name</key>
			<string>Check Pods Manifest.lock</string>
			<key>outputPaths</key>
			<array/>
			<key>runOnlyForDeploymentPostprocessing</key>
			<string>0</string>
			<key>shellPath</key>
			<string>/bin/sh</string>
			<key>shellScript</key>
			<string>diff "${PODS_ROOT}/../Podfile.lock" "${PODS_ROOT}/Manifest.lock" &gt; /dev/null
if [[ $? != 0 ]] ; then
    cat &lt;&lt; EOM
error: The sandbox is not in sync with the Podfile.lock. Run 'pod install' or update your CocoaPods installation.
EOM
    exit 1
fi
</string>
			<key>showEnvVarsInLog</key>
			<string>0</string>
		</dict>
		<key>80890F18150F4CB7B5C7EB6F</key>
		<dict>
			<key>buildActionMask</key>
			<string>2147483647</string>
			<key>files</key>
			<array/>
			<key>inputPaths</key>
			<array/>
			<key>isa</key>
			<string>PBXShellScriptBuildPhase</string>
			<key>name</key>
			<string>Copy Pods Resources</string>
			<key>outputPaths</key>
			<array/>
			<key>runOnlyForDeploymentPostprocessing</key>
			<string>0</string>
			<key>shellPath</key>
			<string>/bin/sh</string>
			<key>shellScript</key>
			<string>"${SRCROOT}/Pods/Pods-resources.sh"
</string>
			<key>showEnvVarsInLog</key>
			<string>0</string>
		</dict>
		<key>BDAD7A30F6E342949DBAB8D5</key>
		<dict>
			<key>fileRef</key>
			<string>E02C697287BD4AC28286BD28</string>
			<key>isa</key>
			<string>PBXBuildFile</string>
		</dict>
		<key>C73A710118A89FAF00347DE7</key>
		<dict>
			<key>children</key>
			<array>
				<string>C73A711318A89FAF00347DE7</string>
				<string>C73A712C18A89FB000347DE7</string>
				<string>C73A710C18A89FAF00347DE7</string>
				<string>C73A710B18A89FAF00347DE7</string>
				<string>FB77B5BB514D411F8D5FCAF7</string>
			</array>
			<key>isa</key>
			<string>PBXGroup</string>
			<key>sourceTree</key>
			<string>&lt;group&gt;</string>
		</dict>
		<key>C73A710218A89FAF00347DE7</key>
		<dict>
			<key>attributes</key>
			<dict>
				<key>LastUpgradeCheck</key>
				<string>0500</string>
				<key>ORGANIZATIONNAME</key>
				<string>douban</string>
				<key>TargetAttributes</key>
				<dict>
					<key>C73A712418A89FB000347DE7</key>
					<dict>
						<key>TestTargetID</key>
						<string>C73A710918A89FAF00347DE7</string>
					</dict>
				</dict>
			</dict>
			<key>buildConfigurationList</key>
			<string>C73A710518A89FAF00347DE7</string>
			<key>compatibilityVersion</key>
			<string>Xcode 3.2</string>
			<key>developmentRegion</key>
			<string>English</string>
			<key>hasScannedForEncodings</key>
			<string>0</string>
			<key>isa</key>
			<string>PBXProject</string>
			<key>knownRegions</key>
			<array>
				<string>en</string>
			</array>
			<key>mainGroup</key>
			<string>C73A710118A89FAF00347DE7</string>
			<key>productRefGroup</key>
			<string>C73A710B18A89FAF00347DE7</string>
			<key>projectDirPath</key>
			<string></string>
			<key>projectReferences</key>
			<array/>
			<key>projectRoot</key>
			<string></string>
			<key>targets</key>
			<array>
				<string>C73A710918A89FAF00347DE7</string>
				<string>C73A712418A89FB000347DE7</string>
			</array>
		</dict>
		<key>C73A710518A89FAF00347DE7</key>
		<dict>
			<key>buildConfigurations</key>
			<array>
				<string>C73A713418A89FB000347DE7</string>
				<string>C73A713518A89FB000347DE7</string>
			</array>
			<key>defaultConfigurationIsVisible</key>
			<string>0</string>
			<key>defaultConfigurationName</key>
			<string>Release</string>
			<key>isa</key>
			<string>XCConfigurationList</string>
		</dict>
		<key>C73A710618A89FAF00347DE7</key>
		<dict>
			<key>buildActionMask</key>
			<string>2147483647</string>
			<key>files</key>
			<array>
				<string>C73A714518A8A1DA00347DE7</string>
				<string>C73A711E18A89FAF00347DE7</string>
				<string>C73A715C18A9BB9300347DE7</string>
				<string>C73A715F18A9BDD000347DE7</string>
				<string>C73A711A18A89FAF00347DE7</string>
			</array>
			<key>isa</key>
			<string>PBXSourcesBuildPhase</string>
			<key>runOnlyForDeploymentPostprocessing</key>
			<string>0</string>
		</dict>
		<key>C73A710718A89FAF00347DE7</key>
		<dict>
			<key>buildActionMask</key>
			<string>2147483647</string>
			<key>files</key>
			<array>
				<string>C73A711018A89FAF00347DE7</string>
				<string>C73A711218A89FAF00347DE7</string>
				<string>C73A710E18A89FAF00347DE7</string>
				<string>BDAD7A30F6E342949DBAB8D5</string>
			</array>
			<key>isa</key>
			<string>PBXFrameworksBuildPhase</string>
			<key>runOnlyForDeploymentPostprocessing</key>
			<string>0</string>
		</dict>
		<key>C73A710818A89FAF00347DE7</key>
		<dict>
			<key>buildActionMask</key>
			<string>2147483647</string>
			<key>files</key>
			<array>
				<string>C73A715518A8CEB500347DE7</string>
				<string>C73A715318A8CEB500347DE7</string>
				<string>C73A714B18A8C71E00347DE7</string>
				<string>C73A711818A89FAF00347DE7</string>
				<string>C73A715418A8CEB500347DE7</string>
				<string>C73A715218A8CEB500347DE7</string>
				<string>C73A714718A8B88700347DE7</string>
				<string>C73A714218A8A05600347DE7</string>
				<string>C73A712018A89FAF00347DE7</string>
			</array>
			<key>isa</key>
			<string>PBXResourcesBuildPhase</string>
			<key>runOnlyForDeploymentPostprocessing</key>
			<string>0</string>
		</dict>
		<key>C73A710918A89FAF00347DE7</key>
		<dict>
			<key>buildConfigurationList</key>
			<string>C73A713618A89FB000347DE7</string>
			<key>buildPhases</key>
			<array>
				<string>2846EC40C32449DD90153C4F</string>
				<string>C73A710618A89FAF00347DE7</string>
				<string>C73A710718A89FAF00347DE7</string>
				<string>C73A710818A89FAF00347DE7</string>
				<string>80890F18150F4CB7B5C7EB6F</string>
			</array>
			<key>buildRules</key>
			<array/>
			<key>dependencies</key>
			<array/>
			<key>isa</key>
			<string>PBXNativeTarget</string>
			<key>name</key>
			<string>Autolayout</string>
			<key>productName</key>
			<string>Autolayout</string>
			<key>productReference</key>
			<string>C73A710A18A89FAF00347DE7</string>
			<key>productType</key>
			<string>com.apple.product-type.application</string>
		</dict>
		<key>C73A710A18A89FAF00347DE7</key>
		<dict>
			<key>explicitFileType</key>
			<string>wrapper.application</string>
			<key>includeInIndex</key>
			<string>0</string>
			<key>isa</key>
			<string>PBXFileReference</string>
			<key>path</key>
			<string>Autolayout.app</string>
			<key>sourceTree</key>
			<string>BUILT_PRODUCTS_DIR</string>
		</dict>
		<key>C73A710B18A89FAF00347DE7</key>
		<dict>
			<key>children</key>
			<array>
				<string>C73A710A18A89FAF00347DE7</string>
				<string>C73A712518A89FB000347DE7</string>
			</array>
			<key>isa</key>
			<string>PBXGroup</string>
			<key>name</key>
			<string>Products</string>
			<key>sourceTree</key>
			<string>&lt;group&gt;</string>
		</dict>
		<key>C73A710C18A89FAF00347DE7</key>
		<dict>
			<key>children</key>
			<array>
				<string>C73A710D18A89FAF00347DE7</string>
				<string>C73A710F18A89FAF00347DE7</string>
				<string>C73A711118A89FAF00347DE7</string>
				<string>C73A712618A89FB000347DE7</string>
				<string>E02C697287BD4AC28286BD28</string>
			</array>
			<key>isa</key>
			<string>PBXGroup</string>
			<key>name</key>
			<string>Frameworks</string>
			<key>sourceTree</key>
			<string>&lt;group&gt;</string>
		</dict>
		<key>C73A710D18A89FAF00347DE7</key>
		<dict>
			<key>isa</key>
			<string>PBXFileReference</string>
			<key>lastKnownFileType</key>
			<string>wrapper.framework</string>
			<key>name</key>
			<string>Foundation.framework</string>
			<key>path</key>
			<string>System/Library/Frameworks/Foundation.framework</string>
			<key>sourceTree</key>
			<string>SDKROOT</string>
		</dict>
		<key>C73A710E18A89FAF00347DE7</key>
		<dict>
			<key>fileRef</key>
			<string>C73A710D18A89FAF00347DE7</string>
			<key>isa</key>
			<string>PBXBuildFile</string>
		</dict>
		<key>C73A710F18A89FAF00347DE7</key>
		<dict>
			<key>isa</key>
			<string>PBXFileReference</string>
			<key>lastKnownFileType</key>
			<string>wrapper.framework</string>
			<key>name</key>
			<string>CoreGraphics.framework</string>
			<key>path</key>
			<string>System/Library/Frameworks/CoreGraphics.framework</string>
			<key>sourceTree</key>
			<string>SDKROOT</string>
		</dict>
		<key>C73A711018A89FAF00347DE7</key>
		<dict>
			<key>fileRef</key>
			<string>C73A710F18A89FAF00347DE7</string>
			<key>isa</key>
			<string>PBXBuildFile</string>
		</dict>
		<key>C73A711118A89FAF00347DE7</key>
		<dict>
			<key>isa</key>
			<string>PBXFileReference</string>
			<key>lastKnownFileType</key>
			<string>wrapper.framework</string>
			<key>name</key>
			<string>UIKit.framework</string>
			<key>path</key>
			<string>System/Library/Frameworks/UIKit.framework</string>
			<key>sourceTree</key>
			<string>SDKROOT</string>
		</dict>
		<key>C73A711218A89FAF00347DE7</key>
		<dict>
			<key>fileRef</key>
			<string>C73A711118A89FAF00347DE7</string>
			<key>isa</key>
			<string>PBXBuildFile</string>
		</dict>
		<key>C73A711318A89FAF00347DE7</key>
		<dict>
			<key>children</key>
			<array>
				<string>C73A714C18A8CEA500347DE7</string>
				<string>C73A713C18A89FC800347DE7</string>
				<string>C73A711F18A89FAF00347DE7</string>
				<string>C73A711418A89FAF00347DE7</string>
			</array>
			<key>isa</key>
			<string>PBXGroup</string>
			<key>path</key>
			<string>Autolayout</string>
			<key>sourceTree</key>
			<string>&lt;group&gt;</string>
		</dict>
		<key>C73A711418A89FAF00347DE7</key>
		<dict>
			<key>children</key>
			<array>
				<string>C73A711518A89FAF00347DE7</string>
				<string>C73A711618A89FAF00347DE7</string>
				<string>C73A711918A89FAF00347DE7</string>
				<string>C73A711B18A89FAF00347DE7</string>
			</array>
			<key>isa</key>
			<string>PBXGroup</string>
			<key>name</key>
			<string>Supporting Files</string>
			<key>sourceTree</key>
			<string>&lt;group&gt;</string>
		</dict>
		<key>C73A711518A89FAF00347DE7</key>
		<dict>
			<key>isa</key>
			<string>PBXFileReference</string>
			<key>lastKnownFileType</key>
			<string>text.plist.xml</string>
			<key>path</key>
			<string>Autolayout-Info.plist</string>
			<key>sourceTree</key>
			<string>&lt;group&gt;</string>
		</dict>
		<key>C73A711618A89FAF00347DE7</key>
		<dict>
			<key>children</key>
			<array>
				<string>C73A711718A89FAF00347DE7</string>
			</array>
			<key>isa</key>
			<string>PBXVariantGroup</string>
			<key>name</key>
			<string>InfoPlist.strings</string>
			<key>sourceTree</key>
			<string>&lt;group&gt;</string>
		</dict>
		<key>C73A711718A89FAF00347DE7</key>
		<dict>
			<key>isa</key>
			<string>PBXFileReference</string>
			<key>lastKnownFileType</key>
			<string>text.plist.strings</string>
			<key>name</key>
			<string>en</string>
			<key>path</key>
			<string>en.lproj/InfoPlist.strings</string>
			<key>sourceTree</key>
			<string>&lt;group&gt;</string>
		</dict>
		<key>C73A711818A89FAF00347DE7</key>
		<dict>
			<key>fileRef</key>
			<string>C73A711618A89FAF00347DE7</string>
			<key>isa</key>
			<string>PBXBuildFile</string>
		</dict>
		<key>C73A711918A89FAF00347DE7</key>
		<dict>
			<key>isa</key>
			<string>PBXFileReference</string>
			<key>lastKnownFileType</key>
			<string>sourcecode.c.objc</string>
			<key>path</key>
			<string>main.m</string>
			<key>sourceTree</key>
			<string>&lt;group&gt;</string>
		</dict>
		<key>C73A711A18A89FAF00347DE7</key>
		<dict>
			<key>fileRef</key>
			<string>C73A711918A89FAF00347DE7</string>
			<key>isa</key>
			<string>PBXBuildFile</string>
		</dict>
		<key>C73A711B18A89FAF00347DE7</key>
		<dict>
			<key>isa</key>
			<string>PBXFileReference</string>
			<key>lastKnownFileType</key>
			<string>sourcecode.c.h</string>
			<key>path</key>
			<string>Autolayout-Prefix.pch</string>
			<key>sourceTree</key>
			<string>&lt;group&gt;</string>
		</dict>
		<key>C73A711C18A89FAF00347DE7</key>
		<dict>
			<key>isa</key>
			<string>PBXFileReference</string>
			<key>lastKnownFileType</key>
			<string>sourcecode.c.h</string>
			<key>path</key>
			<string>AppDelegate.h</string>
			<key>sourceTree</key>
			<string>&lt;group&gt;</string>
		</dict>
		<key>C73A711D18A89FAF00347DE7</key>
		<dict>
			<key>isa</key>
			<string>PBXFileReference</string>
			<key>lastKnownFileType</key>
			<string>sourcecode.c.objc</string>
			<key>path</key>
			<string>AppDelegate.m</string>
			<key>sourceTree</key>
			<string>&lt;group&gt;</string>
		</dict>
		<key>C73A711E18A89FAF00347DE7</key>
		<dict>
			<key>fileRef</key>
			<string>C73A711D18A89FAF00347DE7</string>
			<key>isa</key>
			<string>PBXBuildFile</string>
		</dict>
		<key>C73A711F18A89FAF00347DE7</key>
		<dict>
			<key>isa</key>
			<string>PBXFileReference</string>
			<key>lastKnownFileType</key>
			<string>folder.assetcatalog</string>
			<key>path</key>
			<string>Images.xcassets</string>
			<key>sourceTree</key>
			<string>&lt;group&gt;</string>
		</dict>
		<key>C73A712018A89FAF00347DE7</key>
		<dict>
			<key>fileRef</key>
			<string>C73A711F18A89FAF00347DE7</string>
			<key>isa</key>
			<string>PBXBuildFile</string>
		</dict>
		<key>C73A712118A89FB000347DE7</key>
		<dict>
			<key>buildActionMask</key>
			<string>2147483647</string>
			<key>files</key>
			<array>
				<string>C73A713318A89FB000347DE7</string>
			</array>
			<key>isa</key>
			<string>PBXSourcesBuildPhase</string>
			<key>runOnlyForDeploymentPostprocessing</key>
			<string>0</string>
		</dict>
		<key>C73A712218A89FB000347DE7</key>
		<dict>
			<key>buildActionMask</key>
			<string>2147483647</string>
			<key>files</key>
			<array>
				<string>C73A712718A89FB000347DE7</string>
				<string>C73A712918A89FB000347DE7</string>
				<string>C73A712818A89FB000347DE7</string>
			</array>
			<key>isa</key>
			<string>PBXFrameworksBuildPhase</string>
			<key>runOnlyForDeploymentPostprocessing</key>
			<string>0</string>
		</dict>
		<key>C73A712318A89FB000347DE7</key>
		<dict>
			<key>buildActionMask</key>
			<string>2147483647</string>
			<key>files</key>
			<array>
				<string>C73A713118A89FB000347DE7</string>
			</array>
			<key>isa</key>
			<string>PBXResourcesBuildPhase</string>
			<key>runOnlyForDeploymentPostprocessing</key>
			<string>0</string>
		</dict>
		<key>C73A712418A89FB000347DE7</key>
		<dict>
			<key>buildConfigurationList</key>
			<string>C73A713918A89FB000347DE7</string>
			<key>buildPhases</key>
			<array>
				<string>C73A712118A89FB000347DE7</string>
				<string>C73A712218A89FB000347DE7</string>
				<string>C73A712318A89FB000347DE7</string>
			</array>
			<key>buildRules</key>
			<array/>
			<key>dependencies</key>
			<array>
				<string>C73A712B18A89FB000347DE7</string>
			</array>
			<key>isa</key>
			<string>PBXNativeTarget</string>
			<key>name</key>
			<string>AutolayoutTests</string>
			<key>productName</key>
			<string>AutolayoutTests</string>
			<key>productReference</key>
			<string>C73A712518A89FB000347DE7</string>
			<key>productType</key>
			<string>com.apple.product-type.bundle.unit-test</string>
		</dict>
		<key>C73A712518A89FB000347DE7</key>
		<dict>
			<key>explicitFileType</key>
			<string>wrapper.cfbundle</string>
			<key>includeInIndex</key>
			<string>0</string>
			<key>isa</key>
			<string>PBXFileReference</string>
			<key>path</key>
			<string>AutolayoutTests.xctest</string>
			<key>sourceTree</key>
			<string>BUILT_PRODUCTS_DIR</string>
		</dict>
		<key>C73A712618A89FB000347DE7</key>
		<dict>
			<key>isa</key>
			<string>PBXFileReference</string>
			<key>lastKnownFileType</key>
			<string>wrapper.framework</string>
			<key>name</key>
			<string>XCTest.framework</string>
			<key>path</key>
			<string>Library/Frameworks/XCTest.framework</string>
			<key>sourceTree</key>
			<string>DEVELOPER_DIR</string>
		</dict>
		<key>C73A712718A89FB000347DE7</key>
		<dict>
			<key>fileRef</key>
			<string>C73A712618A89FB000347DE7</string>
			<key>isa</key>
			<string>PBXBuildFile</string>
		</dict>
		<key>C73A712818A89FB000347DE7</key>
		<dict>
			<key>fileRef</key>
			<string>C73A710D18A89FAF00347DE7</string>
			<key>isa</key>
			<string>PBXBuildFile</string>
		</dict>
		<key>C73A712918A89FB000347DE7</key>
		<dict>
			<key>fileRef</key>
			<string>C73A711118A89FAF00347DE7</string>
			<key>isa</key>
			<string>PBXBuildFile</string>
		</dict>
		<key>C73A712A18A89FB000347DE7</key>
		<dict>
			<key>containerPortal</key>
			<string>C73A710218A89FAF00347DE7</string>
			<key>isa</key>
			<string>PBXContainerItemProxy</string>
			<key>proxyType</key>
			<string>1</string>
			<key>remoteGlobalIDString</key>
			<string>C73A710918A89FAF00347DE7</string>
			<key>remoteInfo</key>
			<string>Autolayout</string>
		</dict>
		<key>C73A712B18A89FB000347DE7</key>
		<dict>
			<key>isa</key>
			<string>PBXTargetDependency</string>
			<key>target</key>
			<string>C73A710918A89FAF00347DE7</string>
			<key>targetProxy</key>
			<string>C73A712A18A89FB000347DE7</string>
		</dict>
		<key>C73A712C18A89FB000347DE7</key>
		<dict>
			<key>children</key>
			<array>
				<string>C73A713218A89FB000347DE7</string>
				<string>C73A712D18A89FB000347DE7</string>
			</array>
			<key>isa</key>
			<string>PBXGroup</string>
			<key>path</key>
			<string>AutolayoutTests</string>
			<key>sourceTree</key>
			<string>&lt;group&gt;</string>
		</dict>
		<key>C73A712D18A89FB000347DE7</key>
		<dict>
			<key>children</key>
			<array>
				<string>C73A712E18A89FB000347DE7</string>
				<string>C73A712F18A89FB000347DE7</string>
			</array>
			<key>isa</key>
			<string>PBXGroup</string>
			<key>name</key>
			<string>Supporting Files</string>
			<key>sourceTree</key>
			<string>&lt;group&gt;</string>
		</dict>
		<key>C73A712E18A89FB000347DE7</key>
		<dict>
			<key>isa</key>
			<string>PBXFileReference</string>
			<key>lastKnownFileType</key>
			<string>text.plist.xml</string>
			<key>path</key>
			<string>AutolayoutTests-Info.plist</string>
			<key>sourceTree</key>
			<string>&lt;group&gt;</string>
		</dict>
		<key>C73A712F18A89FB000347DE7</key>
		<dict>
			<key>children</key>
			<array>
				<string>C73A713018A89FB000347DE7</string>
			</array>
			<key>isa</key>
			<string>PBXVariantGroup</string>
			<key>name</key>
			<string>InfoPlist.strings</string>
			<key>sourceTree</key>
			<string>&lt;group&gt;</string>
		</dict>
		<key>C73A713018A89FB000347DE7</key>
		<dict>
			<key>isa</key>
			<string>PBXFileReference</string>
			<key>lastKnownFileType</key>
			<string>text.plist.strings</string>
			<key>name</key>
			<string>en</string>
			<key>path</key>
			<string>en.lproj/InfoPlist.strings</string>
			<key>sourceTree</key>
			<string>&lt;group&gt;</string>
		</dict>
		<key>C73A713118A89FB000347DE7</key>
		<dict>
			<key>fileRef</key>
			<string>C73A712F18A89FB000347DE7</string>
			<key>isa</key>
			<string>PBXBuildFile</string>
		</dict>
		<key>C73A713218A89FB000347DE7</key>
		<dict>
			<key>isa</key>
			<string>PBXFileReference</string>
			<key>lastKnownFileType</key>
			<string>sourcecode.c.objc</string>
			<key>path</key>
			<string>AutolayoutTests.m</string>
			<key>sourceTree</key>
			<string>&lt;group&gt;</string>
		</dict>
		<key>C73A713318A89FB000347DE7</key>
		<dict>
			<key>fileRef</key>
			<string>C73A713218A89FB000347DE7</string>
			<key>isa</key>
			<string>PBXBuildFile</string>
		</dict>
		<key>C73A713418A89FB000347DE7</key>
		<dict>
			<key>buildSettings</key>
			<dict>
				<key>ALWAYS_SEARCH_USER_PATHS</key>
				<string>NO</string>
				<key>ARCHS</key>
				<string>$(ARCHS_STANDARD_INCLUDING_64_BIT)</string>
				<key>CLANG_CXX_LANGUAGE_STANDARD</key>
				<string>gnu++0x</string>
				<key>CLANG_CXX_LIBRARY</key>
				<string>libc++</string>
				<key>CLANG_ENABLE_MODULES</key>
				<string>YES</string>
				<key>CLANG_ENABLE_OBJC_ARC</key>
				<string>YES</string>
				<key>CLANG_WARN_BOOL_CONVERSION</key>
				<string>YES</string>
				<key>CLANG_WARN_CONSTANT_CONVERSION</key>
				<string>YES</string>
				<key>CLANG_WARN_DIRECT_OBJC_ISA_USAGE</key>
				<string>YES_ERROR</string>
				<key>CLANG_WARN_EMPTY_BODY</key>
				<string>YES</string>
				<key>CLANG_WARN_ENUM_CONVERSION</key>
				<string>YES</string>
				<key>CLANG_WARN_INT_CONVERSION</key>
				<string>YES</string>
				<key>CLANG_WARN_OBJC_ROOT_CLASS</key>
				<string>YES_ERROR</string>
				<key>CLANG_WARN__DUPLICATE_METHOD_MATCH</key>
				<string>YES</string>
				<key>CODE_SIGN_IDENTITY[sdk=iphoneos*]</key>
				<string>iPhone Developer</string>
				<key>COPY_PHASE_STRIP</key>
				<string>NO</string>
				<key>GCC_C_LANGUAGE_STANDARD</key>
				<string>gnu99</string>
				<key>GCC_DYNAMIC_NO_PIC</key>
				<string>NO</string>
				<key>GCC_OPTIMIZATION_LEVEL</key>
				<string>0</string>
				<key>GCC_PREPROCESSOR_DEFINITIONS</key>
				<array>
					<string>DEBUG=1</string>
					<string>$(inherited)</string>
				</array>
				<key>GCC_SYMBOLS_PRIVATE_EXTERN</key>
				<string>NO</string>
				<key>GCC_WARN_64_TO_32_BIT_CONVERSION</key>
				<string>YES</string>
				<key>GCC_WARN_ABOUT_RETURN_TYPE</key>
				<string>YES_ERROR</string>
				<key>GCC_WARN_UNDECLARED_SELECTOR</key>
				<string>YES</string>
				<key>GCC_WARN_UNINITIALIZED_AUTOS</key>
				<string>YES</string>
				<key>GCC_WARN_UNUSED_FUNCTION</key>
				<string>YES</string>
				<key>GCC_WARN_UNUSED_VARIABLE</key>
				<string>YES</string>
				<key>IPHONEOS_DEPLOYMENT_TARGET</key>
				<string>7.0</string>
				<key>ONLY_ACTIVE_ARCH</key>
				<string>YES</string>
				<key>SDKROOT</key>
				<string>iphoneos</string>
				<key>TARGETED_DEVICE_FAMILY</key>
				<string>1,2</string>
			</dict>
			<key>isa</key>
			<string>XCBuildConfiguration</string>
			<key>name</key>
			<string>Debug</string>
		</dict>
		<key>C73A713518A89FB000347DE7</key>
		<dict>
			<key>buildSettings</key>
			<dict>
				<key>ALWAYS_SEARCH_USER_PATHS</key>
				<string>NO</string>
				<key>ARCHS</key>
				<string>$(ARCHS_STANDARD_INCLUDING_64_BIT)</string>
				<key>CLANG_CXX_LANGUAGE_STANDARD</key>
				<string>gnu++0x</string>
				<key>CLANG_CXX_LIBRARY</key>
				<string>libc++</string>
				<key>CLANG_ENABLE_MODULES</key>
				<string>YES</string>
				<key>CLANG_ENABLE_OBJC_ARC</key>
				<string>YES</string>
				<key>CLANG_WARN_BOOL_CONVERSION</key>
				<string>YES</string>
				<key>CLANG_WARN_CONSTANT_CONVERSION</key>
				<string>YES</string>
				<key>CLANG_WARN_DIRECT_OBJC_ISA_USAGE</key>
				<string>YES_ERROR</string>
				<key>CLANG_WARN_EMPTY_BODY</key>
				<string>YES</string>
				<key>CLANG_WARN_ENUM_CONVERSION</key>
				<string>YES</string>
				<key>CLANG_WARN_INT_CONVERSION</key>
				<string>YES</string>
				<key>CLANG_WARN_OBJC_ROOT_CLASS</key>
				<string>YES_ERROR</string>
				<key>CLANG_WARN__DUPLICATE_METHOD_MATCH</key>
				<string>YES</string>
				<key>CODE_SIGN_IDENTITY[sdk=iphoneos*]</key>
				<string>iPhone Developer</string>
				<key>COPY_PHASE_STRIP</key>
				<string>YES</string>
				<key>ENABLE_NS_ASSERTIONS</key>
				<string>NO</string>
				<key>GCC_C_LANGUAGE_STANDARD</key>
				<string>gnu99</string>
				<key>GCC_WARN_64_TO_32_BIT_CONVERSION</key>
				<string>YES</string>
				<key>GCC_WARN_ABOUT_RETURN_TYPE</key>
				<string>YES_ERROR</string>
				<key>GCC_WARN_UNDECLARED_SELECTOR</key>
				<string>YES</string>
				<key>GCC_WARN_UNINITIALIZED_AUTOS</key>
				<string>YES</string>
				<key>GCC_WARN_UNUSED_FUNCTION</key>
				<string>YES</string>
				<key>GCC_WARN_UNUSED_VARIABLE</key>
				<string>YES</string>
				<key>IPHONEOS_DEPLOYMENT_TARGET</key>
				<string>7.0</string>
				<key>SDKROOT</key>
				<string>iphoneos</string>
				<key>TARGETED_DEVICE_FAMILY</key>
				<string>1,2</string>
				<key>VALIDATE_PRODUCT</key>
				<string>YES</string>
			</dict>
			<key>isa</key>
			<string>XCBuildConfiguration</string>
			<key>name</key>
			<string>Release</string>
		</dict>
		<key>C73A713618A89FB000347DE7</key>
		<dict>
			<key>buildConfigurations</key>
			<array>
				<string>C73A713718A89FB000347DE7</string>
				<string>C73A713818A89FB000347DE7</string>
			</array>
			<key>defaultConfigurationIsVisible</key>
			<string>0</string>
			<key>isa</key>
			<string>XCConfigurationList</string>
		</dict>
		<key>C73A713718A89FB000347DE7</key>
		<dict>
			<key>baseConfigurationReference</key>
			<string>FB77B5BB514D411F8D5FCAF7</string>
			<key>buildSettings</key>
			<dict>
				<key>ASSETCATALOG_COMPILER_APPICON_NAME</key>
				<string>AppIcon</string>
				<key>ASSETCATALOG_COMPILER_LAUNCHIMAGE_NAME</key>
				<string>LaunchImage</string>
				<key>GCC_PRECOMPILE_PREFIX_HEADER</key>
				<string>YES</string>
				<key>GCC_PREFIX_HEADER</key>
				<string>Autolayout/Autolayout-Prefix.pch</string>
				<key>INFOPLIST_FILE</key>
				<string>Autolayout/Autolayout-Info.plist</string>
				<key>PRODUCT_NAME</key>
				<string>$(TARGET_NAME)</string>
				<key>WRAPPER_EXTENSION</key>
				<string>app</string>
			</dict>
			<key>isa</key>
			<string>XCBuildConfiguration</string>
			<key>name</key>
			<string>Debug</string>
		</dict>
		<key>C73A713818A89FB000347DE7</key>
		<dict>
			<key>baseConfigurationReference</key>
			<string>FB77B5BB514D411F8D5FCAF7</string>
			<key>buildSettings</key>
			<dict>
				<key>ASSETCATALOG_COMPILER_APPICON_NAME</key>
				<string>AppIcon</string>
				<key>ASSETCATALOG_COMPILER_LAUNCHIMAGE_NAME</key>
				<string>LaunchImage</string>
				<key>GCC_PRECOMPILE_PREFIX_HEADER</key>
				<string>YES</string>
				<key>GCC_PREFIX_HEADER</key>
				<string>Autolayout/Autolayout-Prefix.pch</string>
				<key>INFOPLIST_FILE</key>
				<string>Autolayout/Autolayout-Info.plist</string>
				<key>PRODUCT_NAME</key>
				<string>$(TARGET_NAME)</string>
				<key>WRAPPER_EXTENSION</key>
				<string>app</string>
			</dict>
			<key>isa</key>
			<string>XCBuildConfiguration</string>
			<key>name</key>
			<string>Release</string>
		</dict>
		<key>C73A713918A89FB000347DE7</key>
		<dict>
			<key>buildConfigurations</key>
			<array>
				<string>C73A713A18A89FB000347DE7</string>
				<string>C73A713B18A89FB000347DE7</string>
			</array>
			<key>defaultConfigurationIsVisible</key>
			<string>0</string>
			<key>isa</key>
			<string>XCConfigurationList</string>
		</dict>
		<key>C73A713A18A89FB000347DE7</key>
		<dict>
			<key>buildSettings</key>
			<dict>
				<key>ARCHS</key>
				<string>$(ARCHS_STANDARD_INCLUDING_64_BIT)</string>
				<key>BUNDLE_LOADER</key>
				<string>$(BUILT_PRODUCTS_DIR)/Autolayout.app/Autolayout</string>
				<key>FRAMEWORK_SEARCH_PATHS</key>
				<array>
					<string>$(SDKROOT)/Developer/Library/Frameworks</string>
					<string>$(inherited)</string>
					<string>$(DEVELOPER_FRAMEWORKS_DIR)</string>
				</array>
				<key>GCC_PRECOMPILE_PREFIX_HEADER</key>
				<string>YES</string>
				<key>GCC_PREFIX_HEADER</key>
				<string>Autolayout/Autolayout-Prefix.pch</string>
				<key>GCC_PREPROCESSOR_DEFINITIONS</key>
				<array>
					<string>DEBUG=1</string>
					<string>$(inherited)</string>
				</array>
				<key>INFOPLIST_FILE</key>
				<string>AutolayoutTests/AutolayoutTests-Info.plist</string>
				<key>PRODUCT_NAME</key>
				<string>$(TARGET_NAME)</string>
				<key>TEST_HOST</key>
				<string>$(BUNDLE_LOADER)</string>
				<key>WRAPPER_EXTENSION</key>
				<string>xctest</string>
			</dict>
			<key>isa</key>
			<string>XCBuildConfiguration</string>
			<key>name</key>
			<string>Debug</string>
		</dict>
		<key>C73A713B18A89FB000347DE7</key>
		<dict>
			<key>buildSettings</key>
			<dict>
				<key>ARCHS</key>
				<string>$(ARCHS_STANDARD_INCLUDING_64_BIT)</string>
				<key>BUNDLE_LOADER</key>
				<string>$(BUILT_PRODUCTS_DIR)/Autolayout.app/Autolayout</string>
				<key>FRAMEWORK_SEARCH_PATHS</key>
				<array>
					<string>$(SDKROOT)/Developer/Library/Frameworks</string>
					<string>$(inherited)</string>
					<string>$(DEVELOPER_FRAMEWORKS_DIR)</string>
				</array>
				<key>GCC_PRECOMPILE_PREFIX_HEADER</key>
				<string>YES</string>
				<key>GCC_PREFIX_HEADER</key>
				<string>Autolayout/Autolayout-Prefix.pch</string>
				<key>INFOPLIST_FILE</key>
				<string>AutolayoutTests/AutolayoutTests-Info.plist</string>
				<key>PRODUCT_NAME</key>
				<string>$(TARGET_NAME)</string>
				<key>TEST_HOST</key>
				<string>$(BUNDLE_LOADER)</string>
				<key>WRAPPER_EXTENSION</key>
				<string>xctest</string>
			</dict>
			<key>isa</key>
			<string>XCBuildConfiguration</string>
			<key>name</key>
			<string>Release</string>
		</dict>
		<key>C73A713C18A89FC800347DE7</key>
		<dict>
			<key>children</key>
			<array>
				<string>C73A713E18A89FDA00347DE7</string>
				<string>C73A713D18A89FCE00347DE7</string>
			</array>
			<key>isa</key>
			<string>PBXGroup</string>
			<key>name</key>
			<string>Source</string>
			<key>sourceTree</key>
			<string>&lt;group&gt;</string>
		</dict>
		<key>C73A713D18A89FCE00347DE7</key>
		<dict>
			<key>children</key>
			<array>
				<string>C73A711C18A89FAF00347DE7</string>
				<string>C73A711D18A89FAF00347DE7</string>
			</array>
			<key>isa</key>
			<string>PBXGroup</string>
			<key>name</key>
			<string>App</string>
			<key>sourceTree</key>
			<string>&lt;group&gt;</string>
		</dict>
		<key>C73A713E18A89FDA00347DE7</key>
		<dict>
			<key>children</key>
			<array>
				<string>C73A715918A9BB7500347DE7</string>
				<string>C73A714018A89FEE00347DE7</string>
				<string>C73A713F18A89FE300347DE7</string>
			</array>
			<key>isa</key>
			<string>PBXGroup</string>
			<key>name</key>
			<string>Module</string>
			<key>sourceTree</key>
			<string>&lt;group&gt;</string>
		</dict>
		<key>C73A713F18A89FE300347DE7</key>
		<dict>
			<key>children</key>
			<array>
				<string>C73A714118A8A05600347DE7</string>
				<string>C73A714318A8A1DA00347DE7</string>
				<string>C73A714418A8A1DA00347DE7</string>
				<string>C73A714618A8B88700347DE7</string>
				<string>C73A714A18A8C71E00347DE7</string>
			</array>
			<key>isa</key>
			<string>PBXGroup</string>
			<key>name</key>
			<string>UseXIB</string>
			<key>sourceTree</key>
			<string>&lt;group&gt;</string>
		</dict>
		<key>C73A714018A89FEE00347DE7</key>
		<dict>
			<key>children</key>
			<array>
				<string>C73A715D18A9BDD000347DE7</string>
				<string>C73A715E18A9BDD000347DE7</string>
			</array>
			<key>isa</key>
			<string>PBXGroup</string>
			<key>name</key>
			<string>UseCode</string>
			<key>sourceTree</key>
			<string>&lt;group&gt;</string>
		</dict>
		<key>C73A714118A8A05600347DE7</key>
		<dict>
			<key>fileEncoding</key>
			<string>4</string>
			<key>isa</key>
			<string>PBXFileReference</string>
			<key>lastKnownFileType</key>
			<string>file.xib</string>
			<key>name</key>
			<string>View.xib</string>
			<key>path</key>
			<string>Source/Module/UseXIB/View.xib</string>
			<key>sourceTree</key>
			<string>&lt;group&gt;</string>
		</dict>
		<key>C73A714218A8A05600347DE7</key>
		<dict>
			<key>fileRef</key>
			<string>C73A714118A8A05600347DE7</string>
			<key>isa</key>
			<string>PBXBuildFile</string>
		</dict>
		<key>C73A714318A8A1DA00347DE7</key>
		<dict>
			<key>fileEncoding</key>
			<string>4</string>
			<key>isa</key>
			<string>PBXFileReference</string>
			<key>lastKnownFileType</key>
			<string>sourcecode.c.h</string>
			<key>name</key>
			<string>AutolayoutViewController.h</string>
			<key>path</key>
			<string>Source/Module/UseXIB/AutolayoutViewController.h</string>
			<key>sourceTree</key>
			<string>&lt;group&gt;</string>
		</dict>
		<key>C73A714418A8A1DA00347DE7</key>
		<dict>
			<key>fileEncoding</key>
			<string>4</string>
			<key>isa</key>
			<string>PBXFileReference</string>
			<key>lastKnownFileType</key>
			<string>sourcecode.c.objc</string>
			<key>name</key>
			<string>AutolayoutViewController.m</string>
			<key>path</key>
			<string>Source/Module/UseXIB/AutolayoutViewController.m</string>
			<key>sourceTree</key>
			<string>&lt;group&gt;</string>
		</dict>
		<key>C73A714518A8A1DA00347DE7</key>
		<dict>
			<key>fileRef</key>
			<string>C73A714418A8A1DA00347DE7</string>
			<key>isa</key>
			<string>PBXBuildFile</string>
		</dict>
		<key>C73A714618A8B88700347DE7</key>
		<dict>
			<key>fileEncoding</key>
			<string>4</string>
			<key>isa</key>
			<string>PBXFileReference</string>
			<key>lastKnownFileType</key>
			<string>file.xib</string>
			<key>name</key>
			<string>Instrinsic.xib</string>
			<key>path</key>
			<string>Source/Module/UseXIB/Instrinsic.xib</string>
			<key>sourceTree</key>
			<string>&lt;group&gt;</string>
		</dict>
		<key>C73A714718A8B88700347DE7</key>
		<dict>
			<key>fileRef</key>
			<string>C73A714618A8B88700347DE7</string>
			<key>isa</key>
			<string>PBXBuildFile</string>
		</dict>
		<key>C73A714A18A8C71E00347DE7</key>
		<dict>
			<key>fileEncoding</key>
			<string>4</string>
			<key>isa</key>
			<string>PBXFileReference</string>
			<key>lastKnownFileType</key>
			<string>file.xib</string>
			<key>name</key>
			<string>Example.xib</string>
			<key>path</key>
			<string>Source/Module/UseXIB/Example.xib</string>
			<key>sourceTree</key>
			<string>&lt;group&gt;</string>
		</dict>
		<key>C73A714B18A8C71E00347DE7</key>
		<dict>
			<key>fileRef</key>
			<string>C73A714A18A8C71E00347DE7</string>
			<key>isa</key>
			<string>PBXBuildFile</string>
		</dict>
		<key>C73A714C18A8CEA500347DE7</key>
		<dict>
			<key>children</key>
			<array>
				<string>C73A714D18A8CEAA00347DE7</string>
			</array>
			<key>isa</key>
			<string>PBXGroup</string>
			<key>name</key>
			<string>Resource</string>
			<key>sourceTree</key>
			<string>&lt;group&gt;</string>
		</dict>
		<key>C73A714D18A8CEAA00347DE7</key>
		<dict>
			<key>children</key>
			<array>
				<string>C73A714E18A8CEB500347DE7</string>
				<string>C73A714F18A8CEB500347DE7</string>
				<string>C73A715018A8CEB500347DE7</string>
				<string>C73A715118A8CEB500347DE7</string>
			</array>
			<key>isa</key>
			<string>PBXGroup</string>
			<key>name</key>
			<string>images</string>
			<key>sourceTree</key>
			<string>&lt;group&gt;</string>
		</dict>
		<key>C73A714E18A8CEB500347DE7</key>
		<dict>
			<key>isa</key>
			<string>PBXFileReference</string>
			<key>lastKnownFileType</key>
			<string>image.png</string>
			<key>name</key>
			<string>Brad Cox.png</string>
			<key>path</key>
			<string>Resource/images/Brad Cox.png</string>
			<key>sourceTree</key>
			<string>&lt;group&gt;</string>
		</dict>
		<key>C73A714F18A8CEB500347DE7</key>
		<dict>
			<key>isa</key>
			<string>PBXFileReference</string>
			<key>lastKnownFileType</key>
			<string>image.png</string>
			<key>name</key>
			<string>Dennis Ritchie.png</string>
			<key>path</key>
			<string>Resource/images/Dennis Ritchie.png</string>
			<key>sourceTree</key>
			<string>&lt;group&gt;</string>
		</dict>
		<key>C73A715018A8CEB500347DE7</key>
		<dict>
			<key>isa</key>
			<string>PBXFileReference</string>
			<key>lastKnownFileType</key>
			<string>image.png</string>
			<key>name</key>
			<string>Matthijs.png</string>
			<key>path</key>
			<string>Resource/images/Matthijs.png</string>
			<key>sourceTree</key>
			<string>&lt;group&gt;</string>
		</dict>
		<key>C73A715118A8CEB500347DE7</key>
		<dict>
			<key>isa</key>
			<string>PBXFileReference</string>
			<key>lastKnownFileType</key>
			<string>image.png</string>
			<key>name</key>
			<string>Ray.png</string>
			<key>path</key>
			<string>Resource/images/Ray.png</string>
			<key>sourceTree</key>
			<string>&lt;group&gt;</string>
		</dict>
		<key>C73A715218A8CEB500347DE7</key>
		<dict>
			<key>fileRef</key>
			<string>C73A714E18A8CEB500347DE7</string>
			<key>isa</key>
			<string>PBXBuildFile</string>
		</dict>
		<key>C73A715318A8CEB500347DE7</key>
		<dict>
			<key>fileRef</key>
			<string>C73A714F18A8CEB500347DE7</string>
			<key>isa</key>
			<string>PBXBuildFile</string>
		</dict>
		<key>C73A715418A8CEB500347DE7</key>
		<dict>
			<key>fileRef</key>
			<string>C73A715018A8CEB500347DE7</string>
			<key>isa</key>
			<string>PBXBuildFile</string>
		</dict>
		<key>C73A715518A8CEB500347DE7</key>
		<dict>
			<key>fileRef</key>
			<string>C73A715118A8CEB500347DE7</string>
			<key>isa</key>
			<string>PBXBuildFile</string>
		</dict>
		<key>C73A715918A9BB7500347DE7</key>
		<dict>
			<key>children</key>
			<array>
				<string>C73A715A18A9BB9300347DE7</string>
				<string>C73A715B18A9BB9300347DE7</string>
			</array>
			<key>isa</key>
			<string>PBXGroup</string>
			<key>name</key>
			<string>Navigation</string>
			<key>sourceTree</key>
			<string>&lt;group&gt;</string>
		</dict>
		<key>C73A715A18A9BB9300347DE7</key>
		<dict>
			<key>fileEncoding</key>
			<string>4</string>
			<key>isa</key>
			<string>PBXFileReference</string>
			<key>lastKnownFileType</key>
			<string>sourcecode.c.h</string>
			<key>name</key>
			<string>NavigationViewController.h</string>
			<key>path</key>
			<string>Source/Module/Navigation/NavigationViewController.h</string>
			<key>sourceTree</key>
			<string>&lt;group&gt;</string>
		</dict>
		<key>C73A715B18A9BB9300347DE7</key>
		<dict>
			<key>fileEncoding</key>
			<string>4</string>
			<key>isa</key>
			<string>PBXFileReference</string>
			<key>lastKnownFileType</key>
			<string>sourcecode.c.objc</string>
			<key>name</key>
			<string>NavigationViewController.m</string>
			<key>path</key>
			<string>Source/Module/Navigation/NavigationViewController.m</string>
			<key>sourceTree</key>
			<string>&lt;group&gt;</string>
		</dict>
		<key>C73A715C18A9BB9300347DE7</key>
		<dict>
			<key>fileRef</key>
			<string>C73A715B18A9BB9300347DE7</string>
			<key>isa</key>
			<string>PBXBuildFile</string>
		</dict>
		<key>C73A715D18A9BDD000347DE7</key>
		<dict>
			<key>fileEncoding</key>
			<string>4</string>
			<key>isa</key>
			<string>PBXFileReference</string>
			<key>lastKnownFileType</key>
			<string>sourcecode.c.h</string>
			<key>name</key>
			<string>AutolayoutWithCodeController.h</string>
			<key>path</key>
			<string>Source/Module/UseCode/AutolayoutWithCodeController.h</string>
			<key>sourceTree</key>
			<string>&lt;group&gt;</string>
		</dict>
		<key>C73A715E18A9BDD000347DE7</key>
		<dict>
			<key>fileEncoding</key>
			<string>4</string>
			<key>isa</key>
			<string>PBXFileReference</string>
			<key>lastKnownFileType</key>
			<string>sourcecode.c.objc</string>
			<key>name</key>
			<string>AutolayoutWithCodeController.m</string>
			<key>path</key>
			<string>Source/Module/UseCode/AutolayoutWithCodeController.m</string>
			<key>sourceTree</key>
			<string>&lt;group&gt;</string>
		</dict>
		<key>C73A715F18A9BDD000347DE7</key>
		<dict>
			<key>fileRef</key>
			<string>C73A715E18A9BDD000347DE7</string>
			<key>isa</key>
			<string>PBXBuildFile</string>
		</dict>
		<key>E02C697287BD4AC28286BD28</key>
		<dict>
			<key>explicitFileType</key>
			<string>archive.ar</string>
			<key>includeInIndex</key>
			<string>0</string>
			<key>isa</key>
			<string>PBXFileReference</string>
			<key>path</key>
			<string>libPods.a</string>
			<key>sourceTree</key>
			<string>BUILT_PRODUCTS_DIR</string>
		</dict>
		<key>FB77B5BB514D411F8D5FCAF7</key>
		<dict>
			<key>includeInIndex</key>
			<string>1</string>
			<key>isa</key>
			<string>PBXFileReference</string>
			<key>lastKnownFileType</key>
			<string>text.xcconfig</string>
			<key>name</key>
			<string>Pods.xcconfig</string>
			<key>path</key>
			<string>Pods/Pods.xcconfig</string>
			<key>sourceTree</key>
			<string>&lt;group&gt;</string>
		</dict>
	</dict>
	<key>rootObject</key>
	<string>C73A710218A89FAF00347DE7</string>
</dict>
</plist>
